
Microsoft Visual Studio Solution File, Format Version 10.00
# Visual Studio 2008
Project("{8BC9CEB8-8B4A-11D0-8D11-00A0C91BC942}") = "192友元函数", "192友元函数\192友元函数.vcproj", "{A489C629-F5A0-4666-B253-FB0A08C0781B}"
EndProject
Global
	GlobalSection(SolutionConfigurationPlatforms) = preSolution
		Debug|Win32 = Debug|Win32
		Release|Win32 = Release|Win32
	EndGlobalSection
	GlobalSection(ProjectConfigurationPlatforms) = postSolution
		{A489C629-F5A0-4666-B253-FB0A08C0781B}.Debug|Win32.ActiveCfg = Debug|Win32
		{A489C629-F5A0-4666-B253-FB0A08C0781B}.Debug|Win32.Build.0 = Debug|Win32
		{A489C629-F5A0-4666-B253-FB0A08C0781B}.Release|Win32.ActiveCfg = Release|Win32
		{A489C629-F5A0-4666-B253-FB0A08C0781B}.Release|Win32.Build.0 = Release|Win32
	EndGlobalSection
	GlobalSection(SolutionProperties) = preSolution
		HideSolutionNode = FALSE
	EndGlobalSection
EndGlobal
