
Microsoft Visual Studio Solution File, Format Version 9.00
# Visual Studio 2005
Project("{8BC9CEB8-8B4A-11D0-8D11-00A0C91BC942}") = "87二维数组字符串", "87二维数组字符串\87二维数组字符串.vcproj", "{79B114C0-23AD-4D67-9FC8-458381E7D9BD}"
EndProject
Global
	GlobalSection(SolutionConfigurationPlatforms) = preSolution
		Debug|Win32 = Debug|Win32
		Release|Win32 = Release|Win32
	EndGlobalSection
	GlobalSection(ProjectConfigurationPlatforms) = postSolution
		{79B114C0-23AD-4D67-9FC8-458381E7D9BD}.Debug|Win32.ActiveCfg = Debug|Win32
		{79B114C0-23AD-4D67-9FC8-458381E7D9BD}.Debug|Win32.Build.0 = Debug|Win32
		{79B114C0-23AD-4D67-9FC8-458381E7D9BD}.Release|Win32.ActiveCfg = Release|Win32
		{79B114C0-23AD-4D67-9FC8-458381E7D9BD}.Release|Win32.Build.0 = Release|Win32
	EndGlobalSection
	GlobalSection(SolutionProperties) = preSolution
		HideSolutionNode = FALSE
	EndGlobalSection
EndGlobal
