
Microsoft Visual Studio Solution File, Format Version 9.00
# Visual Studio 2005
Project("{8BC9CEB8-8B4A-11D0-8D11-00A0C91BC942}") = "94游戏", "94游戏\94游戏.vcproj", "{22454BB3-2BB0-4DD0-9468-493236714BD7}"
EndProject
Global
	GlobalSection(SolutionConfigurationPlatforms) = preSolution
		Debug|Win32 = Debug|Win32
		Release|Win32 = Release|Win32
	EndGlobalSection
	GlobalSection(ProjectConfigurationPlatforms) = postSolution
		{22454BB3-2BB0-4DD0-9468-493236714BD7}.Debug|Win32.ActiveCfg = Debug|Win32
		{22454BB3-2BB0-4DD0-9468-493236714BD7}.Debug|Win32.Build.0 = Debug|Win32
		{22454BB3-2BB0-4DD0-9468-493236714BD7}.Release|Win32.ActiveCfg = Release|Win32
		{22454BB3-2BB0-4DD0-9468-493236714BD7}.Release|Win32.Build.0 = Release|Win32
	EndGlobalSection
	GlobalSection(SolutionProperties) = preSolution
		HideSolutionNode = FALSE
	EndGlobalSection
EndGlobal
