
Microsoft Visual Studio Solution File, Format Version 9.00
# Visual Studio 2005
Project("{8BC9CEB8-8B4A-11D0-8D11-00A0C91BC942}") = "51const的妙用", "51const的妙用\51const的妙用.vcproj", "{255D6F4F-9DC7-461C-8C31-959369DCAE00}"
EndProject
Global
	GlobalSection(SolutionConfigurationPlatforms) = preSolution
		Debug|Win32 = Debug|Win32
		Release|Win32 = Release|Win32
	EndGlobalSection
	GlobalSection(ProjectConfigurationPlatforms) = postSolution
		{255D6F4F-9DC7-461C-8C31-959369DCAE00}.Debug|Win32.ActiveCfg = Debug|Win32
		{255D6F4F-9DC7-461C-8C31-959369DCAE00}.Debug|Win32.Build.0 = Debug|Win32
		{255D6F4F-9DC7-461C-8C31-959369DCAE00}.Release|Win32.ActiveCfg = Release|Win32
		{255D6F4F-9DC7-461C-8C31-959369DCAE00}.Release|Win32.Build.0 = Release|Win32
	EndGlobalSection
	GlobalSection(SolutionProperties) = preSolution
		HideSolutionNode = FALSE
	EndGlobalSection
EndGlobal
