
Microsoft Visual Studio Solution File, Format Version 9.00
# Visual Studio 2005
Project("{8BC9CEB8-8B4A-11D0-8D11-00A0C91BC942}") = "104类中函数指针", "104类中函数指针\104类中函数指针.vcproj", "{EADE7D1E-11FE-4D31-9246-A9B3ED05F8BA}"
EndProject
Global
	GlobalSection(SolutionConfigurationPlatforms) = preSolution
		Debug|Win32 = Debug|Win32
		Release|Win32 = Release|Win32
	EndGlobalSection
	GlobalSection(ProjectConfigurationPlatforms) = postSolution
		{EADE7D1E-11FE-4D31-9246-A9B3ED05F8BA}.Debug|Win32.ActiveCfg = Debug|Win32
		{EADE7D1E-11FE-4D31-9246-A9B3ED05F8BA}.Debug|Win32.Build.0 = Debug|Win32
		{EADE7D1E-11FE-4D31-9246-A9B3ED05F8BA}.Release|Win32.ActiveCfg = Release|Win32
		{EADE7D1E-11FE-4D31-9246-A9B3ED05F8BA}.Release|Win32.Build.0 = Release|Win32
	EndGlobalSection
	GlobalSection(SolutionProperties) = preSolution
		HideSolutionNode = FALSE
	EndGlobalSection
EndGlobal
