
Microsoft Visual Studio Solution File, Format Version 9.00
# Visual Studio 2005
Project("{8BC9CEB8-8B4A-11D0-8D11-00A0C91BC942}") = "46指针内存加减", "46指针内存加减\46指针内存加减.vcproj", "{BEBC34EE-4D99-46B0-BE84-8BEDC248EE12}"
EndProject
Global
	GlobalSection(SolutionConfigurationPlatforms) = preSolution
		Debug|Win32 = Debug|Win32
		Release|Win32 = Release|Win32
	EndGlobalSection
	GlobalSection(ProjectConfigurationPlatforms) = postSolution
		{BEBC34EE-4D99-46B0-BE84-8BEDC248EE12}.Debug|Win32.ActiveCfg = Debug|Win32
		{BEBC34EE-4D99-46B0-BE84-8BEDC248EE12}.Debug|Win32.Build.0 = Debug|Win32
		{BEBC34EE-4D99-46B0-BE84-8BEDC248EE12}.Release|Win32.ActiveCfg = Release|Win32
		{BEBC34EE-4D99-46B0-BE84-8BEDC248EE12}.Release|Win32.Build.0 = Release|Win32
	EndGlobalSection
	GlobalSection(SolutionProperties) = preSolution
		HideSolutionNode = FALSE
	EndGlobalSection
EndGlobal
