
Microsoft Visual Studio Solution File, Format Version 10.00
# Visual Studio 2008
Project("{8BC9CEB8-8B4A-11D0-8D11-00A0C91BC942}") = "189string类和函数", "189string类和函数\189string类和函数.vcproj", "{B10706D6-4D2D-4411-BA08-6FC0586D728E}"
EndProject
Global
	GlobalSection(SolutionConfigurationPlatforms) = preSolution
		Debug|Win32 = Debug|Win32
		Release|Win32 = Release|Win32
	EndGlobalSection
	GlobalSection(ProjectConfigurationPlatforms) = postSolution
		{B10706D6-4D2D-4411-BA08-6FC0586D728E}.Debug|Win32.ActiveCfg = Debug|Win32
		{B10706D6-4D2D-4411-BA08-6FC0586D728E}.Debug|Win32.Build.0 = Debug|Win32
		{B10706D6-4D2D-4411-BA08-6FC0586D728E}.Release|Win32.ActiveCfg = Release|Win32
		{B10706D6-4D2D-4411-BA08-6FC0586D728E}.Release|Win32.Build.0 = Release|Win32
	EndGlobalSection
	GlobalSection(SolutionProperties) = preSolution
		HideSolutionNode = FALSE
	EndGlobalSection
EndGlobal
