
Microsoft Visual Studio Solution File, Format Version 10.00
# Visual Studio 2008
Project("{8BC9CEB8-8B4A-11D0-8D11-00A0C91BC942}") = "196包含", "196包含\196包含.vcproj", "{BB9570A9-25F1-458B-9B6F-EAA3F728216B}"
EndProject
Global
	GlobalSection(SolutionConfigurationPlatforms) = preSolution
		Debug|Win32 = Debug|Win32
		Release|Win32 = Release|Win32
	EndGlobalSection
	GlobalSection(ProjectConfigurationPlatforms) = postSolution
		{BB9570A9-25F1-458B-9B6F-EAA3F728216B}.Debug|Win32.ActiveCfg = Debug|Win32
		{BB9570A9-25F1-458B-9B6F-EAA3F728216B}.Debug|Win32.Build.0 = Debug|Win32
		{BB9570A9-25F1-458B-9B6F-EAA3F728216B}.Release|Win32.ActiveCfg = Release|Win32
		{BB9570A9-25F1-458B-9B6F-EAA3F728216B}.Release|Win32.Build.0 = Release|Win32
	EndGlobalSection
	GlobalSection(SolutionProperties) = preSolution
		HideSolutionNode = FALSE
	EndGlobalSection
EndGlobal
