
Microsoft Visual Studio Solution File, Format Version 9.00
# Visual Studio 2005
Project("{8BC9CEB8-8B4A-11D0-8D11-00A0C91BC942}") = "53", "53\53.vcproj", "{5CD6CB6A-3983-4B2C-9D4D-BE5136146EF4}"
EndProject
Global
	GlobalSection(SolutionConfigurationPlatforms) = preSolution
		Debug|Win32 = Debug|Win32
		Release|Win32 = Release|Win32
	EndGlobalSection
	GlobalSection(ProjectConfigurationPlatforms) = postSolution
		{5CD6CB6A-3983-4B2C-9D4D-BE5136146EF4}.Debug|Win32.ActiveCfg = Debug|Win32
		{5CD6CB6A-3983-4B2C-9D4D-BE5136146EF4}.Debug|Win32.Build.0 = Debug|Win32
		{5CD6CB6A-3983-4B2C-9D4D-BE5136146EF4}.Release|Win32.ActiveCfg = Release|Win32
		{5CD6CB6A-3983-4B2C-9D4D-BE5136146EF4}.Release|Win32.Build.0 = Release|Win32
	EndGlobalSection
	GlobalSection(SolutionProperties) = preSolution
		HideSolutionNode = FALSE
	EndGlobalSection
EndGlobal
