
Microsoft Visual Studio Solution File, Format Version 9.00
# Visual Studio 2005
Project("{8BC9CEB8-8B4A-11D0-8D11-00A0C91BC942}") = "84枚举常量与数组", "84枚举常量与数组\84枚举常量与数组.vcproj", "{4D9224F9-1DF5-4F67-8FDF-6B4917D2E419}"
EndProject
Global
	GlobalSection(SolutionConfigurationPlatforms) = preSolution
		Debug|Win32 = Debug|Win32
		Release|Win32 = Release|Win32
	EndGlobalSection
	GlobalSection(ProjectConfigurationPlatforms) = postSolution
		{4D9224F9-1DF5-4F67-8FDF-6B4917D2E419}.Debug|Win32.ActiveCfg = Debug|Win32
		{4D9224F9-1DF5-4F67-8FDF-6B4917D2E419}.Debug|Win32.Build.0 = Debug|Win32
		{4D9224F9-1DF5-4F67-8FDF-6B4917D2E419}.Release|Win32.ActiveCfg = Release|Win32
		{4D9224F9-1DF5-4F67-8FDF-6B4917D2E419}.Release|Win32.Build.0 = Release|Win32
	EndGlobalSection
	GlobalSection(SolutionProperties) = preSolution
		HideSolutionNode = FALSE
	EndGlobalSection
EndGlobal
