
Microsoft Visual Studio Solution File, Format Version 9.00
# Visual Studio 2005
Project("{8BC9CEB8-8B4A-11D0-8D11-00A0C91BC942}") = "103函数参数", "103函数参数\103函数参数.vcproj", "{5BD062C2-65A7-40A3-B462-F3EBEF82AC09}"
EndProject
Global
	GlobalSection(SolutionConfigurationPlatforms) = preSolution
		Debug|Win32 = Debug|Win32
		Release|Win32 = Release|Win32
	EndGlobalSection
	GlobalSection(ProjectConfigurationPlatforms) = postSolution
		{5BD062C2-65A7-40A3-B462-F3EBEF82AC09}.Debug|Win32.ActiveCfg = Debug|Win32
		{5BD062C2-65A7-40A3-B462-F3EBEF82AC09}.Debug|Win32.Build.0 = Debug|Win32
		{5BD062C2-65A7-40A3-B462-F3EBEF82AC09}.Release|Win32.ActiveCfg = Release|Win32
		{5BD062C2-65A7-40A3-B462-F3EBEF82AC09}.Release|Win32.Build.0 = Release|Win32
	EndGlobalSection
	GlobalSection(SolutionProperties) = preSolution
		HideSolutionNode = FALSE
	EndGlobalSection
EndGlobal
