
Microsoft Visual Studio Solution File, Format Version 9.00
# Visual Studio 2005
Project("{8BC9CEB8-8B4A-11D0-8D11-00A0C91BC942}") = "20运算，自加自减", "20运算，自加自减\20运算，自加自减.vcproj", "{94407F52-A26F-4002-A006-F63A48B046F7}"
EndProject
Global
	GlobalSection(SolutionConfigurationPlatforms) = preSolution
		Debug|Win32 = Debug|Win32
		Release|Win32 = Release|Win32
	EndGlobalSection
	GlobalSection(ProjectConfigurationPlatforms) = postSolution
		{94407F52-A26F-4002-A006-F63A48B046F7}.Debug|Win32.ActiveCfg = Debug|Win32
		{94407F52-A26F-4002-A006-F63A48B046F7}.Debug|Win32.Build.0 = Debug|Win32
		{94407F52-A26F-4002-A006-F63A48B046F7}.Release|Win32.ActiveCfg = Release|Win32
		{94407F52-A26F-4002-A006-F63A48B046F7}.Release|Win32.Build.0 = Release|Win32
	EndGlobalSection
	GlobalSection(SolutionProperties) = preSolution
		HideSolutionNode = FALSE
	EndGlobalSection
EndGlobal
