
Microsoft Visual Studio Solution File, Format Version 10.00
# Visual Studio 2008
Project("{8BC9CEB8-8B4A-11D0-8D11-00A0C91BC942}") = "190数组string类函数", "190数组string类函数\190数组string类函数.vcproj", "{73BE90D4-1D49-4A49-9AAF-39080EF8E88E}"
EndProject
Global
	GlobalSection(SolutionConfigurationPlatforms) = preSolution
		Debug|Win32 = Debug|Win32
		Release|Win32 = Release|Win32
	EndGlobalSection
	GlobalSection(ProjectConfigurationPlatforms) = postSolution
		{73BE90D4-1D49-4A49-9AAF-39080EF8E88E}.Debug|Win32.ActiveCfg = Debug|Win32
		{73BE90D4-1D49-4A49-9AAF-39080EF8E88E}.Debug|Win32.Build.0 = Debug|Win32
		{73BE90D4-1D49-4A49-9AAF-39080EF8E88E}.Release|Win32.ActiveCfg = Release|Win32
		{73BE90D4-1D49-4A49-9AAF-39080EF8E88E}.Release|Win32.Build.0 = Release|Win32
	EndGlobalSection
	GlobalSection(SolutionProperties) = preSolution
		HideSolutionNode = FALSE
	EndGlobalSection
EndGlobal
