
Microsoft Visual Studio Solution File, Format Version 9.00
# Visual Studio 2005
Project("{8BC9CEB8-8B4A-11D0-8D11-00A0C91BC942}") = "53成员变量的初始化与构造函数", "53成员变量的初始化与构造函数\53成员变量的初始化与构造函数.vcproj", "{BDE25E30-AADF-411C-84B4-1D175AC82B7B}"
EndProject
Global
	GlobalSection(SolutionConfigurationPlatforms) = preSolution
		Debug|Win32 = Debug|Win32
		Release|Win32 = Release|Win32
	EndGlobalSection
	GlobalSection(ProjectConfigurationPlatforms) = postSolution
		{BDE25E30-AADF-411C-84B4-1D175AC82B7B}.Debug|Win32.ActiveCfg = Debug|Win32
		{BDE25E30-AADF-411C-84B4-1D175AC82B7B}.Debug|Win32.Build.0 = Debug|Win32
		{BDE25E30-AADF-411C-84B4-1D175AC82B7B}.Release|Win32.ActiveCfg = Release|Win32
		{BDE25E30-AADF-411C-84B4-1D175AC82B7B}.Release|Win32.Build.0 = Release|Win32
	EndGlobalSection
	GlobalSection(SolutionProperties) = preSolution
		HideSolutionNode = FALSE
	EndGlobalSection
EndGlobal
