
Microsoft Visual Studio Solution File, Format Version 9.00
# Visual Studio 2005
Project("{8BC9CEB8-8B4A-11D0-8D11-00A0C91BC942}") = "55椎对象开辟内存", "55椎对象开辟内存\55椎对象开辟内存.vcproj", "{DBD40A9C-8870-4713-9FE8-60750545311E}"
EndProject
Global
	GlobalSection(SolutionConfigurationPlatforms) = preSolution
		Debug|Win32 = Debug|Win32
		Release|Win32 = Release|Win32
	EndGlobalSection
	GlobalSection(ProjectConfigurationPlatforms) = postSolution
		{DBD40A9C-8870-4713-9FE8-60750545311E}.Debug|Win32.ActiveCfg = Debug|Win32
		{DBD40A9C-8870-4713-9FE8-60750545311E}.Debug|Win32.Build.0 = Debug|Win32
		{DBD40A9C-8870-4713-9FE8-60750545311E}.Release|Win32.ActiveCfg = Release|Win32
		{DBD40A9C-8870-4713-9FE8-60750545311E}.Release|Win32.Build.0 = Release|Win32
	EndGlobalSection
	GlobalSection(SolutionProperties) = preSolution
		HideSolutionNode = FALSE
	EndGlobalSection
EndGlobal
